
Microsoft Visual Studio Solution File, Format Version 12.00
# Visual Studio 15
Project("{FAE04EC0-301F-11D3-BF4B-00C04F79EFBC}") = "Assembly-CSharp", "Assembly-CSharp.csproj", "{410BD731-BCC0-4C88-A6BA-1CB718878864}"
EndProject
Project("{FAE04EC0-301F-11D3-BF4B-00C04F79EFBC}") = "nobnak.Gist", "nobnak.Gist.csproj", "{A6982E27-D42A-5E0B-D0CA-04D4546A42BA}"
EndProject
Project("{FAE04EC0-301F-11D3-BF4B-00C04F79EFBC}") = "Whinarn.UnityMeshSimplifier.Runtime", "Whinarn.UnityMeshSimplifier.Runtime.csproj", "{0C3B1B9F-1BA6-8194-FCC1-94BADBFBD321}"
EndProject
Project("{FAE04EC0-301F-11D3-BF4B-00C04F79EFBC}") = "Assembly-CSharp-Editor", "Assembly-CSharp-Editor.csproj", "{1710AB97-B00C-23EF-7E8F-9104C253F3EE}"
EndProject
Project("{FAE04EC0-301F-11D3-BF4B-00C04F79EFBC}") = "Whinarn.UnityMeshSimplifier.Editor", "Whinarn.UnityMeshSimplifier.Editor.csproj", "{BC76C6ED-232A-E79C-D1BD-F91223185155}"
EndProject
Global
	GlobalSection(SolutionConfigurationPlatforms) = preSolution
		Debug|Any CPU = Debug|Any CPU
		Release|Any CPU = Release|Any CPU
	EndGlobalSection
	GlobalSection(ProjectConfigurationPlatforms) = postSolution
		{410BD731-BCC0-4C88-A6BA-1CB718878864}.Debug|Any CPU.ActiveCfg = Debug|Any CPU
		{410BD731-BCC0-4C88-A6BA-1CB718878864}.Debug|Any CPU.Build.0 = Debug|Any CPU
		{410BD731-BCC0-4C88-A6BA-1CB718878864}.Release|Any CPU.ActiveCfg = Release|Any CPU
		{410BD731-BCC0-4C88-A6BA-1CB718878864}.Release|Any CPU.Build.0 = Release|Any CPU
		{A6982E27-D42A-5E0B-D0CA-04D4546A42BA}.Debug|Any CPU.ActiveCfg = Debug|Any CPU
		{A6982E27-D42A-5E0B-D0CA-04D4546A42BA}.Debug|Any CPU.Build.0 = Debug|Any CPU
		{A6982E27-D42A-5E0B-D0CA-04D4546A42BA}.Release|Any CPU.ActiveCfg = Release|Any CPU
		{A6982E27-D42A-5E0B-D0CA-04D4546A42BA}.Release|Any CPU.Build.0 = Release|Any CPU
		{0C3B1B9F-1BA6-8194-FCC1-94BADBFBD321}.Debug|Any CPU.ActiveCfg = Debug|Any CPU
		{0C3B1B9F-1BA6-8194-FCC1-94BADBFBD321}.Debug|Any CPU.Build.0 = Debug|Any CPU
		{0C3B1B9F-1BA6-8194-FCC1-94BADBFBD321}.Release|Any CPU.ActiveCfg = Release|Any CPU
		{0C3B1B9F-1BA6-8194-FCC1-94BADBFBD321}.Release|Any CPU.Build.0 = Release|Any CPU
		{1710AB97-B00C-23EF-7E8F-9104C253F3EE}.Debug|Any CPU.ActiveCfg = Debug|Any CPU
		{1710AB97-B00C-23EF-7E8F-9104C253F3EE}.Debug|Any CPU.Build.0 = Debug|Any CPU
		{1710AB97-B00C-23EF-7E8F-9104C253F3EE}.Release|Any CPU.ActiveCfg = Release|Any CPU
		{1710AB97-B00C-23EF-7E8F-9104C253F3EE}.Release|Any CPU.Build.0 = Release|Any CPU
		{BC76C6ED-232A-E79C-D1BD-F91223185155}.Debug|Any CPU.ActiveCfg = Debug|Any CPU
		{BC76C6ED-232A-E79C-D1BD-F91223185155}.Debug|Any CPU.Build.0 = Debug|Any CPU
		{BC76C6ED-232A-E79C-D1BD-F91223185155}.Release|Any CPU.ActiveCfg = Release|Any CPU
		{BC76C6ED-232A-E79C-D1BD-F91223185155}.Release|Any CPU.Build.0 = Release|Any CPU
	EndGlobalSection
	GlobalSection(SolutionProperties) = preSolution
		HideSolutionNode = FALSE
	EndGlobalSection
EndGlobal
